
Microsoft Visual Studio Solution File, Format Version 12.00
# Visual Studio Version 16
VisualStudioVersion = 16.0.29609.76
MinimumVisualStudioVersion = 10.0.40219.1
Project("{FAE04EC0-301F-11D3-BF4B-00C04F79EFBC}") = "PruebaSpaAngular", "PruebaSpaAngular\PruebaSpaAngular.csproj", "{87A391D0-3EE4-43E7-AB15-5BA8A578EE21}"
EndProject
Global
	GlobalSection(SolutionConfigurationPlatforms) = preSolution
		Debug|Any CPU = Debug|Any CPU
		Release|Any CPU = Release|Any CPU
	EndGlobalSection
	GlobalSection(ProjectConfigurationPlatforms) = postSolution
		{87A391D0-3EE4-43E7-AB15-5BA8A578EE21}.Debug|Any CPU.ActiveCfg = Debug|Any CPU
		{87A391D0-3EE4-43E7-AB15-5BA8A578EE21}.Debug|Any CPU.Build.0 = Debug|Any CPU
		{87A391D0-3EE4-43E7-AB15-5BA8A578EE21}.Release|Any CPU.ActiveCfg = Release|Any CPU
		{87A391D0-3EE4-43E7-AB15-5BA8A578EE21}.Release|Any CPU.Build.0 = Release|Any CPU
	EndGlobalSection
	GlobalSection(SolutionProperties) = preSolution
		HideSolutionNode = FALSE
	EndGlobalSection
	GlobalSection(ExtensibilityGlobals) = postSolution
		SolutionGuid = {076135C3-5C41-48DD-9A90-C4FFCA611010}
	EndGlobalSection
EndGlobal
